
Microsoft Visual Studio Solution File, Format Version 12.00
# Visual Studio Version 17
VisualStudioVersion = 17.0.31903.59
MinimumVisualStudioVersion = 10.0.40219.1
Project("{FAE04EC0-301F-11D3-BF4B-00C04F79EFBC}") = "API", "API\API.csproj", "{D3DCA6E7-1669-4C58-8936-25F0C6549F61}"
EndProject
Project("{FAE04EC0-301F-11D3-BF4B-00C04F79EFBC}") = "Domain", "Domain\Domain.csproj", "{EC524691-EAF3-4C0C-810E-8B3C67556168}"
EndProject
Project("{FAE04EC0-301F-11D3-BF4B-00C04F79EFBC}") = "Persistence", "Persistence\Persistence.csproj", "{2B4CCE08-51DE-4CD7-8BF3-53199B76137E}"
EndProject
Project("{FAE04EC0-301F-11D3-BF4B-00C04F79EFBC}") = "Application", "Application\Application.csproj", "{DF8099B9-7D7C-4092-BF24-451C6DFC132A}"
EndProject
Global
	GlobalSection(SolutionConfigurationPlatforms) = preSolution
		Debug|Any CPU = Debug|Any CPU
		Release|Any CPU = Release|Any CPU
	EndGlobalSection
	GlobalSection(SolutionProperties) = preSolution
		HideSolutionNode = FALSE
	EndGlobalSection
	GlobalSection(ProjectConfigurationPlatforms) = postSolution
		{D3DCA6E7-1669-4C58-8936-25F0C6549F61}.Debug|Any CPU.ActiveCfg = Debug|Any CPU
		{D3DCA6E7-1669-4C58-8936-25F0C6549F61}.Debug|Any CPU.Build.0 = Debug|Any CPU
		{D3DCA6E7-1669-4C58-8936-25F0C6549F61}.Release|Any CPU.ActiveCfg = Release|Any CPU
		{D3DCA6E7-1669-4C58-8936-25F0C6549F61}.Release|Any CPU.Build.0 = Release|Any CPU
		{EC524691-EAF3-4C0C-810E-8B3C67556168}.Debug|Any CPU.ActiveCfg = Debug|Any CPU
		{EC524691-EAF3-4C0C-810E-8B3C67556168}.Debug|Any CPU.Build.0 = Debug|Any CPU
		{EC524691-EAF3-4C0C-810E-8B3C67556168}.Release|Any CPU.ActiveCfg = Release|Any CPU
		{EC524691-EAF3-4C0C-810E-8B3C67556168}.Release|Any CPU.Build.0 = Release|Any CPU
		{2B4CCE08-51DE-4CD7-8BF3-53199B76137E}.Debug|Any CPU.ActiveCfg = Debug|Any CPU
		{2B4CCE08-51DE-4CD7-8BF3-53199B76137E}.Debug|Any CPU.Build.0 = Debug|Any CPU
		{2B4CCE08-51DE-4CD7-8BF3-53199B76137E}.Release|Any CPU.ActiveCfg = Release|Any CPU
		{2B4CCE08-51DE-4CD7-8BF3-53199B76137E}.Release|Any CPU.Build.0 = Release|Any CPU
		{DF8099B9-7D7C-4092-BF24-451C6DFC132A}.Debug|Any CPU.ActiveCfg = Debug|Any CPU
		{DF8099B9-7D7C-4092-BF24-451C6DFC132A}.Debug|Any CPU.Build.0 = Debug|Any CPU
		{DF8099B9-7D7C-4092-BF24-451C6DFC132A}.Release|Any CPU.ActiveCfg = Release|Any CPU
		{DF8099B9-7D7C-4092-BF24-451C6DFC132A}.Release|Any CPU.Build.0 = Release|Any CPU
	EndGlobalSection
EndGlobal
